// !$*UTF8*$!
{
	archiveVersion = 1;
	classes = {
	};
	objectVersion = 56;
	objects = {

/* Begin PBXBuildFile section */
		CA77E30C2BBA279D007B65FD /* BocaApp.swift in Sources */ = {isa = PBXBuildFile; fileRef = CA77E30B2BBA279D007B65FD /* BocaApp.swift */; };
		CA77E30E2BBA279D007B65FD /* ContentView.swift in Sources */ = {isa = PBXBuildFile; fileRef = CA77E30D2BBA279D007B65FD /* ContentView.swift */; };
		CA77E3102BBA279F007B65FD /* Assets.xcassets in Resources */ = {isa = PBXBuildFile; fileRef = CA77E30F2BBA279F007B65FD /* Assets.xcassets */; };
		CA77E3132BBA279F007B65FD /* Preview Assets.xcassets in Resources */ = {isa = PBXBuildFile; fileRef = CA77E3122BBA279F007B65FD /* Preview Assets.xcassets */; };
		CA77E3152BBA279F007B65FD /* Persistence.swift in Sources */ = {isa = PBXBuildFile; fileRef = CA77E3142BBA279F007B65FD /* Persistence.swift */; };
		CA77E3182BBA279F007B65FD /* boca.xcdatamodeld in Sources */ = {isa = PBXBuildFile; fileRef = CA77E3162BBA279F007B65FD /* boca.xcdatamodeld */; };
		CA77E3212BBA288B007B65FD /* Book.swift in Sources */ = {isa = PBXBuildFile; fileRef = CA77E3202BBA288B007B65FD /* Book.swift */; };
		CA77E3232BBA2985007B65FD /* Theme.swift in Sources */ = {isa = PBXBuildFile; fileRef = CA77E3222BBA2985007B65FD /* Theme.swift */; };
		CA77E3252BBA31A6007B65FD /* NewBookSheet.swift in Sources */ = {isa = PBXBuildFile; fileRef = CA77E3242BBA31A6007B65FD /* NewBookSheet.swift */; };
		CA77E3272BBA3721007B65FD /* BookEditView.swift in Sources */ = {isa = PBXBuildFile; fileRef = CA77E3262BBA3721007B65FD /* BookEditView.swift */; };
		CA77E3292BBA3844007B65FD /* ThemeView.swift in Sources */ = {isa = PBXBuildFile; fileRef = CA77E3282BBA3844007B65FD /* ThemeView.swift */; };
		CA77E32B2BBA3879007B65FD /* ThemePicker.swift in Sources */ = {isa = PBXBuildFile; fileRef = CA77E32A2BBA3879007B65FD /* ThemePicker.swift */; };
		CA77E32D2BBA3C1B007B65FD /* WordEditView.swift in Sources */ = {isa = PBXBuildFile; fileRef = CA77E32C2BBA3C1B007B65FD /* WordEditView.swift */; };
		CA77E32F2BBA3D85007B65FD /* NewWordSheet.swift in Sources */ = {isa = PBXBuildFile; fileRef = CA77E32E2BBA3D85007B65FD /* NewWordSheet.swift */; };
		CA77E3312BBA3F6D007B65FD /* WordsView.swift in Sources */ = {isa = PBXBuildFile; fileRef = CA77E3302BBA3F6D007B65FD /* WordsView.swift */; };
		CA77E3332BBA40B6007B65FD /* WordCardView.swift in Sources */ = {isa = PBXBuildFile; fileRef = CA77E3322BBA40B6007B65FD /* WordCardView.swift */; };
		CA77E3352BBA4C5B007B65FD /* BooksView.swift in Sources */ = {isa = PBXBuildFile; fileRef = CA77E3342BBA4C5B007B65FD /* BooksView.swift */; };
		CA77E3372BBA4CAC007B65FD /* BookCardView.swift in Sources */ = {isa = PBXBuildFile; fileRef = CA77E3362BBA4CAC007B65FD /* BookCardView.swift */; };
		CA77E3392BBA4FA1007B65FD /* BookStore.swift in Sources */ = {isa = PBXBuildFile; fileRef = CA77E3382BBA4FA1007B65FD /* BookStore.swift */; };
		CA77E33B2BBA51CA007B65FD /* ErrorWrapper.swift in Sources */ = {isa = PBXBuildFile; fileRef = CA77E33A2BBA51CA007B65FD /* ErrorWrapper.swift */; };
		CA77E33D2BBA5267007B65FD /* ErrorView.swift in Sources */ = {isa = PBXBuildFile; fileRef = CA77E33C2BBA5267007B65FD /* ErrorView.swift */; };
		CAA2ED862BBA77A300D93C46 /* EditBookSheet.swift in Sources */ = {isa = PBXBuildFile; fileRef = CAA2ED852BBA77A300D93C46 /* EditBookSheet.swift */; };
		CAF446402BC27172004C46F6 /* WordView.swift in Sources */ = {isa = PBXBuildFile; fileRef = CAF4463F2BC27172004C46F6 /* WordView.swift */; };
		CAF446422BC279DD004C46F6 /* EditWordSheet.swift in Sources */ = {isa = PBXBuildFile; fileRef = CAF446412BC279DD004C46F6 /* EditWordSheet.swift */; };
/* End PBXBuildFile section */

/* Begin PBXFileReference section */
		CA77E3082BBA279D007B65FD /* Boca.app */ = {isa = PBXFileReference; explicitFileType = wrapper.application; includeInIndex = 0; path = Boca.app; sourceTree = BUILT_PRODUCTS_DIR; };
		CA77E30B2BBA279D007B65FD /* BocaApp.swift */ = {isa = PBXFileReference; lastKnownFileType = sourcecode.swift; path = BocaApp.swift; sourceTree = "<group>"; };
		CA77E30D2BBA279D007B65FD /* ContentView.swift */ = {isa = PBXFileReference; lastKnownFileType = sourcecode.swift; path = ContentView.swift; sourceTree = "<group>"; };
		CA77E30F2BBA279F007B65FD /* Assets.xcassets */ = {isa = PBXFileReference; lastKnownFileType = folder.assetcatalog; path = Assets.xcassets; sourceTree = "<group>"; };
		CA77E3122BBA279F007B65FD /* Preview Assets.xcassets */ = {isa = PBXFileReference; lastKnownFileType = folder.assetcatalog; path = "Preview Assets.xcassets"; sourceTree = "<group>"; };
		CA77E3142BBA279F007B65FD /* Persistence.swift */ = {isa = PBXFileReference; lastKnownFileType = sourcecode.swift; path = Persistence.swift; sourceTree = "<group>"; };
		CA77E3172BBA279F007B65FD /* boca.xcdatamodel */ = {isa = PBXFileReference; lastKnownFileType = wrapper.xcdatamodel; path = boca.xcdatamodel; sourceTree = "<group>"; };
		CA77E3202BBA288B007B65FD /* Book.swift */ = {isa = PBXFileReference; lastKnownFileType = sourcecode.swift; path = Book.swift; sourceTree = "<group>"; };
		CA77E3222BBA2985007B65FD /* Theme.swift */ = {isa = PBXFileReference; lastKnownFileType = sourcecode.swift; path = Theme.swift; sourceTree = "<group>"; };
		CA77E3242BBA31A6007B65FD /* NewBookSheet.swift */ = {isa = PBXFileReference; lastKnownFileType = sourcecode.swift; path = NewBookSheet.swift; sourceTree = "<group>"; };
		CA77E3262BBA3721007B65FD /* BookEditView.swift */ = {isa = PBXFileReference; lastKnownFileType = sourcecode.swift; path = BookEditView.swift; sourceTree = "<group>"; };
		CA77E3282BBA3844007B65FD /* ThemeView.swift */ = {isa = PBXFileReference; lastKnownFileType = sourcecode.swift; path = ThemeView.swift; sourceTree = "<group>"; };
		CA77E32A2BBA3879007B65FD /* ThemePicker.swift */ = {isa = PBXFileReference; lastKnownFileType = sourcecode.swift; path = ThemePicker.swift; sourceTree = "<group>"; };
		CA77E32C2BBA3C1B007B65FD /* WordEditView.swift */ = {isa = PBXFileReference; lastKnownFileType = sourcecode.swift; path = WordEditView.swift; sourceTree = "<group>"; };
		CA77E32E2BBA3D85007B65FD /* NewWordSheet.swift */ = {isa = PBXFileReference; lastKnownFileType = sourcecode.swift; path = NewWordSheet.swift; sourceTree = "<group>"; };
		CA77E3302BBA3F6D007B65FD /* WordsView.swift */ = {isa = PBXFileReference; lastKnownFileType = sourcecode.swift; path = WordsView.swift; sourceTree = "<group>"; };
		CA77E3322BBA40B6007B65FD /* WordCardView.swift */ = {isa = PBXFileReference; lastKnownFileType = sourcecode.swift; path = WordCardView.swift; sourceTree = "<group>"; };
		CA77E3342BBA4C5B007B65FD /* BooksView.swift */ = {isa = PBXFileReference; lastKnownFileType = sourcecode.swift; path = BooksView.swift; sourceTree = "<group>"; };
		CA77E3362BBA4CAC007B65FD /* BookCardView.swift */ = {isa = PBXFileReference; lastKnownFileType = sourcecode.swift; path = BookCardView.swift; sourceTree = "<group>"; };
		CA77E3382BBA4FA1007B65FD /* BookStore.swift */ = {isa = PBXFileReference; lastKnownFileType = sourcecode.swift; path = BookStore.swift; sourceTree = "<group>"; };
		CA77E33A2BBA51CA007B65FD /* ErrorWrapper.swift */ = {isa = PBXFileReference; lastKnownFileType = sourcecode.swift; path = ErrorWrapper.swift; sourceTree = "<group>"; };
		CA77E33C2BBA5267007B65FD /* ErrorView.swift */ = {isa = PBXFileReference; lastKnownFileType = sourcecode.swift; path = ErrorView.swift; sourceTree = "<group>"; };
		CAA2ED852BBA77A300D93C46 /* EditBookSheet.swift */ = {isa = PBXFileReference; lastKnownFileType = sourcecode.swift; path = EditBookSheet.swift; sourceTree = "<group>"; };
		CAF4463F2BC27172004C46F6 /* WordView.swift */ = {isa = PBXFileReference; lastKnownFileType = sourcecode.swift; path = WordView.swift; sourceTree = "<group>"; };
		CAF446412BC279DD004C46F6 /* EditWordSheet.swift */ = {isa = PBXFileReference; lastKnownFileType = sourcecode.swift; path = EditWordSheet.swift; sourceTree = "<group>"; };
/* End PBXFileReference section */

/* Begin PBXFrameworksBuildPhase section */
		CA77E3052BBA279D007B65FD /* Frameworks */ = {
			isa = PBXFrameworksBuildPhase;
			buildActionMask = 2147483647;
			files = (
			);
			runOnlyForDeploymentPostprocessing = 0;
		};
/* End PBXFrameworksBuildPhase section */

/* Begin PBXGroup section */
		CA77E2FF2BBA279C007B65FD = {
			isa = PBXGroup;
			children = (
				CA77E30A2BBA279D007B65FD /* boca */,
				CA77E3092BBA279D007B65FD /* Products */,
			);
			sourceTree = "<group>";
		};
		CA77E3092BBA279D007B65FD /* Products */ = {
			isa = PBXGroup;
			children = (
				CA77E3082BBA279D007B65FD /* Boca.app */,
			);
			name = Products;
			sourceTree = "<group>";
		};
		CA77E30A2BBA279D007B65FD /* boca */ = {
			isa = PBXGroup;
			children = (
				CA77E31F2BBA282C007B65FD /* Models */,
				CA77E30B2BBA279D007B65FD /* BocaApp.swift */,
				CA77E30D2BBA279D007B65FD /* ContentView.swift */,
				CA77E30F2BBA279F007B65FD /* Assets.xcassets */,
				CA77E3142BBA279F007B65FD /* Persistence.swift */,
				CA77E3162BBA279F007B65FD /* boca.xcdatamodeld */,
				CA77E3112BBA279F007B65FD /* Preview Content */,
				CA77E3242BBA31A6007B65FD /* NewBookSheet.swift */,
				CA77E3262BBA3721007B65FD /* BookEditView.swift */,
				CA77E3282BBA3844007B65FD /* ThemeView.swift */,
				CA77E32A2BBA3879007B65FD /* ThemePicker.swift */,
				CA77E32C2BBA3C1B007B65FD /* WordEditView.swift */,
				CA77E32E2BBA3D85007B65FD /* NewWordSheet.swift */,
				CA77E3302BBA3F6D007B65FD /* WordsView.swift */,
				CA77E3322BBA40B6007B65FD /* WordCardView.swift */,
				CA77E3342BBA4C5B007B65FD /* BooksView.swift */,
				CA77E3362BBA4CAC007B65FD /* BookCardView.swift */,
				CA77E33C2BBA5267007B65FD /* ErrorView.swift */,
				CAA2ED852BBA77A300D93C46 /* EditBookSheet.swift */,
				CAF446412BC279DD004C46F6 /* EditWordSheet.swift */,
			);
			path = boca;
			sourceTree = "<group>";
		};
		CA77E3112BBA279F007B65FD /* Preview Content */ = {
			isa = PBXGroup;
			children = (
				CA77E3122BBA279F007B65FD /* Preview Assets.xcassets */,
			);
			path = "Preview Content";
			sourceTree = "<group>";
		};
		CA77E31F2BBA282C007B65FD /* Models */ = {
			isa = PBXGroup;
			children = (
				CA77E3202BBA288B007B65FD /* Book.swift */,
				CA77E3222BBA2985007B65FD /* Theme.swift */,
				CA77E3382BBA4FA1007B65FD /* BookStore.swift */,
				CA77E33A2BBA51CA007B65FD /* ErrorWrapper.swift */,
				CAF4463F2BC27172004C46F6 /* WordView.swift */,
			);
			path = Models;
			sourceTree = "<group>";
		};
/* End PBXGroup section */

/* Begin PBXNativeTarget section */
		CA77E3072BBA279D007B65FD /* Boca */ = {
			isa = PBXNativeTarget;
			buildConfigurationList = CA77E31B2BBA279F007B65FD /* Build configuration list for PBXNativeTarget "Boca" */;
			buildPhases = (
				CA77E3042BBA279D007B65FD /* Sources */,
				CA77E3052BBA279D007B65FD /* Frameworks */,
				CA77E3062BBA279D007B65FD /* Resources */,
			);
			buildRules = (
			);
			dependencies = (
			);
			name = Boca;
			productName = boca;
			productReference = CA77E3082BBA279D007B65FD /* Boca.app */;
			productType = "com.apple.product-type.application";
		};
/* End PBXNativeTarget section */

/* Begin PBXProject section */
		CA77E3002BBA279C007B65FD /* Project object */ = {
			isa = PBXProject;
			attributes = {
				BuildIndependentTargetsInParallel = 1;
				LastSwiftUpdateCheck = 1530;
				LastUpgradeCheck = 1530;
				TargetAttributes = {
					CA77E3072BBA279D007B65FD = {
						CreatedOnToolsVersion = 15.3;
					};
				};
			};
			buildConfigurationList = CA77E3032BBA279C007B65FD /* Build configuration list for PBXProject "Boca" */;
			compatibilityVersion = "Xcode 14.0";
			developmentRegion = en;
			hasScannedForEncodings = 0;
			knownRegions = (
				en,
				Base,
			);
			mainGroup = CA77E2FF2BBA279C007B65FD;
			productRefGroup = CA77E3092BBA279D007B65FD /* Products */;
			projectDirPath = "";
			projectRoot = "";
			targets = (
				CA77E3072BBA279D007B65FD /* Boca */,
			);
		};
/* End PBXProject section */

/* Begin PBXResourcesBuildPhase section */
		CA77E3062BBA279D007B65FD /* Resources */ = {
			isa = PBXResourcesBuildPhase;
			buildActionMask = 2147483647;
			files = (
				CA77E3132BBA279F007B65FD /* Preview Assets.xcassets in Resources */,
				CA77E3102BBA279F007B65FD /* Assets.xcassets in Resources */,
			);
			runOnlyForDeploymentPostprocessing = 0;
		};
/* End PBXResourcesBuildPhase section */

/* Begin PBXSourcesBuildPhase section */
		CA77E3042BBA279D007B65FD /* Sources */ = {
			isa = PBXSourcesBuildPhase;
			buildActionMask = 2147483647;
			files = (
				CA77E32F2BBA3D85007B65FD /* NewWordSheet.swift in Sources */,
				CAA2ED862BBA77A300D93C46 /* EditBookSheet.swift in Sources */,
				CAF446402BC27172004C46F6 /* WordView.swift in Sources */,
				CA77E3152BBA279F007B65FD /* Persistence.swift in Sources */,
				CA77E33D2BBA5267007B65FD /* ErrorView.swift in Sources */,
				CA77E3272BBA3721007B65FD /* BookEditView.swift in Sources */,
				CA77E3312BBA3F6D007B65FD /* WordsView.swift in Sources */,
				CAF446422BC279DD004C46F6 /* EditWordSheet.swift in Sources */,
				CA77E3392BBA4FA1007B65FD /* BookStore.swift in Sources */,
				CA77E30E2BBA279D007B65FD /* ContentView.swift in Sources */,
				CA77E32B2BBA3879007B65FD /* ThemePicker.swift in Sources */,
				CA77E3182BBA279F007B65FD /* boca.xcdatamodeld in Sources */,
				CA77E3352BBA4C5B007B65FD /* BooksView.swift in Sources */,
				CA77E3252BBA31A6007B65FD /* NewBookSheet.swift in Sources */,
				CA77E3332BBA40B6007B65FD /* WordCardView.swift in Sources */,
				CA77E3232BBA2985007B65FD /* Theme.swift in Sources */,
				CA77E33B2BBA51CA007B65FD /* ErrorWrapper.swift in Sources */,
				CA77E3212BBA288B007B65FD /* Book.swift in Sources */,
				CA77E32D2BBA3C1B007B65FD /* WordEditView.swift in Sources */,
				CA77E3372BBA4CAC007B65FD /* BookCardView.swift in Sources */,
				CA77E3292BBA3844007B65FD /* ThemeView.swift in Sources */,
				CA77E30C2BBA279D007B65FD /* BocaApp.swift in Sources */,
			);
			runOnlyForDeploymentPostprocessing = 0;
		};
/* End PBXSourcesBuildPhase section */

/* Begin XCBuildConfiguration section */
		CA77E3192BBA279F007B65FD /* Debug */ = {
			isa = XCBuildConfiguration;
			buildSettings = {
				ALWAYS_SEARCH_USER_PATHS = NO;
				ASSETCATALOG_COMPILER_GENERATE_SWIFT_ASSET_SYMBOL_EXTENSIONS = YES;
				CLANG_ANALYZER_NONNULL = YES;
				CLANG_ANALYZER_NUMBER_OBJECT_CONVERSION = YES_AGGRESSIVE;
				CLANG_CXX_LANGUAGE_STANDARD = "gnu++20";
				CLANG_ENABLE_MODULES = YES;
				CLANG_ENABLE_OBJC_ARC = YES;
				CLANG_ENABLE_OBJC_WEAK = YES;
				CLANG_WARN_BLOCK_CAPTURE_AUTORELEASING = YES;
				CLANG_WARN_BOOL_CONVERSION = YES;
				CLANG_WARN_COMMA = YES;
				CLANG_WARN_CONSTANT_CONVERSION = YES;
				CLANG_WARN_DEPRECATED_OBJC_IMPLEMENTATIONS = YES;
				CLANG_WARN_DIRECT_OBJC_ISA_USAGE = YES_ERROR;
				CLANG_WARN_DOCUMENTATION_COMMENTS = YES;
				CLANG_WARN_EMPTY_BODY = YES;
				CLANG_WARN_ENUM_CONVERSION = YES;
				CLANG_WARN_INFINITE_RECURSION = YES;
				CLANG_WARN_INT_CONVERSION = YES;
				CLANG_WARN_NON_LITERAL_NULL_CONVERSION = YES;
				CLANG_WARN_OBJC_IMPLICIT_RETAIN_SELF = YES;
				CLANG_WARN_OBJC_LITERAL_CONVERSION = YES;
				CLANG_WARN_OBJC_ROOT_CLASS = YES_ERROR;
				CLANG_WARN_QUOTED_INCLUDE_IN_FRAMEWORK_HEADER = YES;
				CLANG_WARN_RANGE_LOOP_ANALYSIS = YES;
				CLANG_WARN_STRICT_PROTOTYPES = YES;
				CLANG_WARN_SUSPICIOUS_MOVE = YES;
				CLANG_WARN_UNGUARDED_AVAILABILITY = YES_AGGRESSIVE;
				CLANG_WARN_UNREACHABLE_CODE = YES;
				CLANG_WARN__DUPLICATE_METHOD_MATCH = YES;
				COPY_PHASE_STRIP = NO;
				DEBUG_INFORMATION_FORMAT = dwarf;
				ENABLE_STRICT_OBJC_MSGSEND = YES;
				ENABLE_TESTABILITY = YES;
				ENABLE_USER_SCRIPT_SANDBOXING = YES;
				GCC_C_LANGUAGE_STANDARD = gnu17;
				GCC_DYNAMIC_NO_PIC = NO;
				GCC_NO_COMMON_BLOCKS = YES;
				GCC_OPTIMIZATION_LEVEL = 0;
				GCC_PREPROCESSOR_DEFINITIONS = (
					"DEBUG=1",
					"$(inherited)",
				);
				GCC_WARN_64_TO_32_BIT_CONVERSION = YES;
				GCC_WARN_ABOUT_RETURN_TYPE = YES_ERROR;
				GCC_WARN_UNDECLARED_SELECTOR = YES;
				GCC_WARN_UNINITIALIZED_AUTOS = YES_AGGRESSIVE;
				GCC_WARN_UNUSED_FUNCTION = YES;
				GCC_WARN_UNUSED_VARIABLE = YES;
				IPHONEOS_DEPLOYMENT_TARGET = 17.4;
				LOCALIZATION_PREFERS_STRING_CATALOGS = YES;
				MTL_ENABLE_DEBUG_INFO = INCLUDE_SOURCE;
				MTL_FAST_MATH = YES;
				ONLY_ACTIVE_ARCH = YES;
				SDKROOT = iphoneos;
				SWIFT_ACTIVE_COMPILATION_CONDITIONS = "DEBUG $(inherited)";
				SWIFT_OPTIMIZATION_LEVEL = "-Onone";
			};
			name = Debug;
		};
		CA77E31A2BBA279F007B65FD /* Release */ = {
			isa = XCBuildConfiguration;
			buildSettings = {
				ALWAYS_SEARCH_USER_PATHS = NO;
				ASSETCATALOG_COMPILER_GENERATE_SWIFT_ASSET_SYMBOL_EXTENSIONS = YES;
				CLANG_ANALYZER_NONNULL = YES;
				CLANG_ANALYZER_NUMBER_OBJECT_CONVERSION = YES_AGGRESSIVE;
				CLANG_CXX_LANGUAGE_STANDARD = "gnu++20";
				CLANG_ENABLE_MODULES = YES;
				CLANG_ENABLE_OBJC_ARC = YES;
				CLANG_ENABLE_OBJC_WEAK = YES;
				CLANG_WARN_BLOCK_CAPTURE_AUTORELEASING = YES;
				CLANG_WARN_BOOL_CONVERSION = YES;
				CLANG_WARN_COMMA = YES;
				CLANG_WARN_CONSTANT_CONVERSION = YES;
				CLANG_WARN_DEPRECATED_OBJC_IMPLEMENTATIONS = YES;
				CLANG_WARN_DIRECT_OBJC_ISA_USAGE = YES_ERROR;
				CLANG_WARN_DOCUMENTATION_COMMENTS = YES;
				CLANG_WARN_EMPTY_BODY = YES;
				CLANG_WARN_ENUM_CONVERSION = YES;
				CLANG_WARN_INFINITE_RECURSION = YES;
				CLANG_WARN_INT_CONVERSION = YES;
				CLANG_WARN_NON_LITERAL_NULL_CONVERSION = YES;
				CLANG_WARN_OBJC_IMPLICIT_RETAIN_SELF = YES;
				CLANG_WARN_OBJC_LITERAL_CONVERSION = YES;
				CLANG_WARN_OBJC_ROOT_CLASS = YES_ERROR;
				CLANG_WARN_QUOTED_INCLUDE_IN_FRAMEWORK_HEADER = YES;
				CLANG_WARN_RANGE_LOOP_ANALYSIS = YES;
				CLANG_WARN_STRICT_PROTOTYPES = YES;
				CLANG_WARN_SUSPICIOUS_MOVE = YES;
				CLANG_WARN_UNGUARDED_AVAILABILITY = YES_AGGRESSIVE;
				CLANG_WARN_UNREACHABLE_CODE = YES;
				CLANG_WARN__DUPLICATE_METHOD_MATCH = YES;
				COPY_PHASE_STRIP = NO;
				DEBUG_INFORMATION_FORMAT = "dwarf-with-dsym";
				ENABLE_NS_ASSERTIONS = NO;
				ENABLE_STRICT_OBJC_MSGSEND = YES;
				ENABLE_USER_SCRIPT_SANDBOXING = YES;
				GCC_C_LANGUAGE_STANDARD = gnu17;
				GCC_NO_COMMON_BLOCKS = YES;
				GCC_WARN_64_TO_32_BIT_CONVERSION = YES;
				GCC_WARN_ABOUT_RETURN_TYPE = YES_ERROR;
				GCC_WARN_UNDECLARED_SELECTOR = YES;
				GCC_WARN_UNINITIALIZED_AUTOS = YES_AGGRESSIVE;
				GCC_WARN_UNUSED_FUNCTION = YES;
				GCC_WARN_UNUSED_VARIABLE = YES;
				IPHONEOS_DEPLOYMENT_TARGET = 17.4;
				LOCALIZATION_PREFERS_STRING_CATALOGS = YES;
				MTL_ENABLE_DEBUG_INFO = NO;
				MTL_FAST_MATH = YES;
				SDKROOT = iphoneos;
				SWIFT_COMPILATION_MODE = wholemodule;
				VALIDATE_PRODUCT = YES;
			};
			name = Release;
		};
		CA77E31C2BBA279F007B65FD /* Debug */ = {
			isa = XCBuildConfiguration;
			buildSettings = {
				ASSETCATALOG_COMPILER_APPICON_NAME = AppIcon;
				ASSETCATALOG_COMPILER_GLOBAL_ACCENT_COLOR_NAME = AccentColor;
				CODE_SIGN_STYLE = Automatic;
				CURRENT_PROJECT_VERSION = 1;
				DEVELOPMENT_ASSET_PATHS = "\"boca/Preview Content\"";
				DEVELOPMENT_TEAM = BKQ737JRHY;
				ENABLE_PREVIEWS = YES;
				GENERATE_INFOPLIST_FILE = YES;
				INFOPLIST_KEY_UIApplicationSceneManifest_Generation = YES;
				INFOPLIST_KEY_UIApplicationSupportsIndirectInputEvents = YES;
				INFOPLIST_KEY_UILaunchScreen_Generation = YES;
				INFOPLIST_KEY_UISupportedInterfaceOrientations_iPad = "UIInterfaceOrientationPortrait UIInterfaceOrientationPortraitUpsideDown UIInterfaceOrientationLandscapeLeft UIInterfaceOrientationLandscapeRight";
				INFOPLIST_KEY_UISupportedInterfaceOrientations_iPhone = "UIInterfaceOrientationPortrait UIInterfaceOrientationLandscapeLeft UIInterfaceOrientationLandscapeRight";
				LD_RUNPATH_SEARCH_PATHS = (
					"$(inherited)",
					"@executable_path/Frameworks",
				);
				MARKETING_VERSION = 1.0;
				PRODUCT_BUNDLE_IDENTIFIER = yuquanshan.boca;
				PRODUCT_NAME = "$(TARGET_NAME)";
				SWIFT_EMIT_LOC_STRINGS = YES;
				SWIFT_VERSION = 5.0;
				TARGETED_DEVICE_FAMILY = "1,2";
			};
			name = Debug;
		};
		CA77E31D2BBA279F007B65FD /* Release */ = {
			isa = XCBuildConfiguration;
			buildSettings = {
				ASSETCATALOG_COMPILER_APPICON_NAME = AppIcon;
				ASSETCATALOG_COMPILER_GLOBAL_ACCENT_COLOR_NAME = AccentColor;
				CODE_SIGN_STYLE = Automatic;
				CURRENT_PROJECT_VERSION = 1;
				DEVELOPMENT_ASSET_PATHS = "\"boca/Preview Content\"";
				DEVELOPMENT_TEAM = BKQ737JRHY;
				ENABLE_PREVIEWS = YES;
				GENERATE_INFOPLIST_FILE = YES;
				INFOPLIST_KEY_UIApplicationSceneManifest_Generation = YES;
				INFOPLIST_KEY_UIApplicationSupportsIndirectInputEvents = YES;
				INFOPLIST_KEY_UILaunchScreen_Generation = YES;
				INFOPLIST_KEY_UISupportedInterfaceOrientations_iPad = "UIInterfaceOrientationPortrait UIInterfaceOrientationPortraitUpsideDown UIInterfaceOrientationLandscapeLeft UIInterfaceOrientationLandscapeRight";
				INFOPLIST_KEY_UISupportedInterfaceOrientations_iPhone = "UIInterfaceOrientationPortrait UIInterfaceOrientationLandscapeLeft UIInterfaceOrientationLandscapeRight";
				LD_RUNPATH_SEARCH_PATHS = (
					"$(inherited)",
					"@executable_path/Frameworks",
				);
				MARKETING_VERSION = 1.0;
				PRODUCT_BUNDLE_IDENTIFIER = yuquanshan.boca;
				PRODUCT_NAME = "$(TARGET_NAME)";
				SWIFT_EMIT_LOC_STRINGS = YES;
				SWIFT_VERSION = 5.0;
				TARGETED_DEVICE_FAMILY = "1,2";
			};
			name = Release;
		};
/* End XCBuildConfiguration section */

/* Begin XCConfigurationList section */
		CA77E3032BBA279C007B65FD /* Build configuration list for PBXProject "Boca" */ = {
			isa = XCConfigurationList;
			buildConfigurations = (
				CA77E3192BBA279F007B65FD /* Debug */,
				CA77E31A2BBA279F007B65FD /* Release */,
			);
			defaultConfigurationIsVisible = 0;
			defaultConfigurationName = Release;
		};
		CA77E31B2BBA279F007B65FD /* Build configuration list for PBXNativeTarget "Boca" */ = {
			isa = XCConfigurationList;
			buildConfigurations = (
				CA77E31C2BBA279F007B65FD /* Debug */,
				CA77E31D2BBA279F007B65FD /* Release */,
			);
			defaultConfigurationIsVisible = 0;
			defaultConfigurationName = Release;
		};
/* End XCConfigurationList section */

/* Begin XCVersionGroup section */
		CA77E3162BBA279F007B65FD /* boca.xcdatamodeld */ = {
			isa = XCVersionGroup;
			children = (
				CA77E3172BBA279F007B65FD /* boca.xcdatamodel */,
			);
			currentVersion = CA77E3172BBA279F007B65FD /* boca.xcdatamodel */;
			path = boca.xcdatamodeld;
			sourceTree = "<group>";
			versionGroupType = wrapper.xcdatamodel;
		};
/* End XCVersionGroup section */
	};
	rootObject = CA77E3002BBA279C007B65FD /* Project object */;
}
